
Microsoft Visual Studio Solution File, Format Version 12.00
# Visual Studio Version 17
VisualStudioVersion = 17.6.33712.159
MinimumVisualStudioVersion = 10.0.40219.1
Project("{FAE04EC0-301F-11D3-BF4B-00C04F79EFBC}") = "PlanDesarrolloProfesional.UI", "PlanDesarrolloProfesional.UI\PlanDesarrolloProfesional.UI.csproj", "{48DB12CE-3482-4A0F-A74F-F369BBB40C54}"
EndProject
Project("{2150E333-8FDC-42A3-9474-1A3956D46DE8}") = "Bibliotecas", "Bibliotecas", "{5E08818D-E5A1-4B77-97C2-585352445E66}"
EndProject
Project("{FAE04EC0-301F-11D3-BF4B-00C04F79EFBC}") = "PlanDesarrolloProfesional.Models", "PlanDesarrolloProfesional.Models\PlanDesarrolloProfesional.Models.csproj", "{B5715275-5BB2-403E-9440-7B639D7201AA}"
EndProject
Project("{FAE04EC0-301F-11D3-BF4B-00C04F79EFBC}") = "PlanDesarrolloProfesional.Logic", "PlanDesarrolloProfesional.Logic\PlanDesarrolloProfesional.Logic.csproj", "{F1FA0C09-6615-49A5-BB6E-D3C1B0261EA4}"
EndProject
Project("{FAE04EC0-301F-11D3-BF4B-00C04F79EFBC}") = "PlanDesarrolloProfesional.Interface", "PlanDesarrolloProfesional.Interface\PlanDesarrolloProfesional.Interface.csproj", "{274E23B7-FD7A-4C90-8336-84AE9904FC54}"
EndProject
Project("{FAE04EC0-301F-11D3-BF4B-00C04F79EFBC}") = "PlanDesarrolloProfesional.DataAccess", "PlanDesarrolloProfesional.DataAccess\PlanDesarrolloProfesional.DataAccess.csproj", "{0ACC805C-3D9B-4484-A42C-DD2160B6E123}"
EndProject
Project("{FAE04EC0-301F-11D3-BF4B-00C04F79EFBC}") = "PlanDesarrolloProfesional.ConsumeLogic", "PlanDesarrolloProfesional.ConsumeLogic\PlanDesarrolloProfesional.ConsumeLogic.csproj", "{E5697BBB-99D9-4722-84CB-1531D3C30C98}"
EndProject
Project("{FAE04EC0-301F-11D3-BF4B-00C04F79EFBC}") = "PlanDesarrolloProfesional.API", "PlanDesarrolloProfesional.API\PlanDesarrolloProfesional.API.csproj", "{0A47D23F-AEA4-4C3D-8D66-FFDB9F63D2F1}"
EndProject
Global
	GlobalSection(SolutionConfigurationPlatforms) = preSolution
		Debug|Any CPU = Debug|Any CPU
		Release|Any CPU = Release|Any CPU
	EndGlobalSection
	GlobalSection(ProjectConfigurationPlatforms) = postSolution
		{48DB12CE-3482-4A0F-A74F-F369BBB40C54}.Debug|Any CPU.ActiveCfg = Debug|Any CPU
		{48DB12CE-3482-4A0F-A74F-F369BBB40C54}.Debug|Any CPU.Build.0 = Debug|Any CPU
		{48DB12CE-3482-4A0F-A74F-F369BBB40C54}.Release|Any CPU.ActiveCfg = Release|Any CPU
		{48DB12CE-3482-4A0F-A74F-F369BBB40C54}.Release|Any CPU.Build.0 = Release|Any CPU
		{B5715275-5BB2-403E-9440-7B639D7201AA}.Debug|Any CPU.ActiveCfg = Debug|Any CPU
		{B5715275-5BB2-403E-9440-7B639D7201AA}.Debug|Any CPU.Build.0 = Debug|Any CPU
		{B5715275-5BB2-403E-9440-7B639D7201AA}.Release|Any CPU.ActiveCfg = Release|Any CPU
		{B5715275-5BB2-403E-9440-7B639D7201AA}.Release|Any CPU.Build.0 = Release|Any CPU
		{F1FA0C09-6615-49A5-BB6E-D3C1B0261EA4}.Debug|Any CPU.ActiveCfg = Debug|Any CPU
		{F1FA0C09-6615-49A5-BB6E-D3C1B0261EA4}.Debug|Any CPU.Build.0 = Debug|Any CPU
		{F1FA0C09-6615-49A5-BB6E-D3C1B0261EA4}.Release|Any CPU.ActiveCfg = Release|Any CPU
		{F1FA0C09-6615-49A5-BB6E-D3C1B0261EA4}.Release|Any CPU.Build.0 = Release|Any CPU
		{274E23B7-FD7A-4C90-8336-84AE9904FC54}.Debug|Any CPU.ActiveCfg = Debug|Any CPU
		{274E23B7-FD7A-4C90-8336-84AE9904FC54}.Debug|Any CPU.Build.0 = Debug|Any CPU
		{274E23B7-FD7A-4C90-8336-84AE9904FC54}.Release|Any CPU.ActiveCfg = Release|Any CPU
		{274E23B7-FD7A-4C90-8336-84AE9904FC54}.Release|Any CPU.Build.0 = Release|Any CPU
		{0ACC805C-3D9B-4484-A42C-DD2160B6E123}.Debug|Any CPU.ActiveCfg = Debug|Any CPU
		{0ACC805C-3D9B-4484-A42C-DD2160B6E123}.Debug|Any CPU.Build.0 = Debug|Any CPU
		{0ACC805C-3D9B-4484-A42C-DD2160B6E123}.Release|Any CPU.ActiveCfg = Release|Any CPU
		{0ACC805C-3D9B-4484-A42C-DD2160B6E123}.Release|Any CPU.Build.0 = Release|Any CPU
		{E5697BBB-99D9-4722-84CB-1531D3C30C98}.Debug|Any CPU.ActiveCfg = Debug|Any CPU
		{E5697BBB-99D9-4722-84CB-1531D3C30C98}.Debug|Any CPU.Build.0 = Debug|Any CPU
		{E5697BBB-99D9-4722-84CB-1531D3C30C98}.Release|Any CPU.ActiveCfg = Release|Any CPU
		{E5697BBB-99D9-4722-84CB-1531D3C30C98}.Release|Any CPU.Build.0 = Release|Any CPU
		{0A47D23F-AEA4-4C3D-8D66-FFDB9F63D2F1}.Debug|Any CPU.ActiveCfg = Debug|Any CPU
		{0A47D23F-AEA4-4C3D-8D66-FFDB9F63D2F1}.Debug|Any CPU.Build.0 = Debug|Any CPU
		{0A47D23F-AEA4-4C3D-8D66-FFDB9F63D2F1}.Release|Any CPU.ActiveCfg = Release|Any CPU
		{0A47D23F-AEA4-4C3D-8D66-FFDB9F63D2F1}.Release|Any CPU.Build.0 = Release|Any CPU
	EndGlobalSection
	GlobalSection(SolutionProperties) = preSolution
		HideSolutionNode = FALSE
	EndGlobalSection
	GlobalSection(NestedProjects) = preSolution
		{B5715275-5BB2-403E-9440-7B639D7201AA} = {5E08818D-E5A1-4B77-97C2-585352445E66}
		{F1FA0C09-6615-49A5-BB6E-D3C1B0261EA4} = {5E08818D-E5A1-4B77-97C2-585352445E66}
		{274E23B7-FD7A-4C90-8336-84AE9904FC54} = {5E08818D-E5A1-4B77-97C2-585352445E66}
		{0ACC805C-3D9B-4484-A42C-DD2160B6E123} = {5E08818D-E5A1-4B77-97C2-585352445E66}
		{E5697BBB-99D9-4722-84CB-1531D3C30C98} = {5E08818D-E5A1-4B77-97C2-585352445E66}
	EndGlobalSection
	GlobalSection(ExtensibilityGlobals) = postSolution
		SolutionGuid = {8E07C219-528A-42A2-90FD-98A6E6A18E59}
	EndGlobalSection
EndGlobal
